
Microsoft Visual Studio Solution File, Format Version 12.00
# Visual Studio Version 16
VisualStudioVersion = 16.0.30517.126
MinimumVisualStudioVersion = 10.0.40219.1
Project("{9A19103F-16F7-4668-BE54-9A1E7A4F7556}") = "ShoppingCartPage", "WireframeV1\ShoppingCartPage.csproj", "{0FC3C142-3699-4053-9105-AC64EB028712}"
EndProject
Global
	GlobalSection(SolutionConfigurationPlatforms) = preSolution
		Debug|Any CPU = Debug|Any CPU
		Release|Any CPU = Release|Any CPU
	EndGlobalSection
	GlobalSection(ProjectConfigurationPlatforms) = postSolution
		{0FC3C142-3699-4053-9105-AC64EB028712}.Debug|Any CPU.ActiveCfg = Debug|Any CPU
		{0FC3C142-3699-4053-9105-AC64EB028712}.Debug|Any CPU.Build.0 = Debug|Any CPU
		{0FC3C142-3699-4053-9105-AC64EB028712}.Release|Any CPU.ActiveCfg = Release|Any CPU
		{0FC3C142-3699-4053-9105-AC64EB028712}.Release|Any CPU.Build.0 = Release|Any CPU
	EndGlobalSection
	GlobalSection(SolutionProperties) = preSolution
		HideSolutionNode = FALSE
	EndGlobalSection
	GlobalSection(ExtensibilityGlobals) = postSolution
		SolutionGuid = {011507C8-8E9F-46C6-A661-EDAA979C580D}
	EndGlobalSection
EndGlobal
